
Microsoft Visual Studio Solution File, Format Version 12.00
# Visual Studio Version 16
VisualStudioVersion = 16.0.30225.117
MinimumVisualStudioVersion = 10.0.40219.1
Project("{FAE04EC0-301F-11D3-BF4B-00C04F79EFBC}") = "copy", "copy\copy.csproj", "{5AC3A2B3-AA1B-422A-A652-019F6CE1C349}"
EndProject
Global
	GlobalSection(SolutionConfigurationPlatforms) = preSolution
		Debug|Any CPU = Debug|Any CPU
		Release|Any CPU = Release|Any CPU
	EndGlobalSection
	GlobalSection(ProjectConfigurationPlatforms) = postSolution
		{5AC3A2B3-AA1B-422A-A652-019F6CE1C349}.Debug|Any CPU.ActiveCfg = Debug|Any CPU
		{5AC3A2B3-AA1B-422A-A652-019F6CE1C349}.Debug|Any CPU.Build.0 = Debug|Any CPU
		{5AC3A2B3-AA1B-422A-A652-019F6CE1C349}.Release|Any CPU.ActiveCfg = Release|Any CPU
		{5AC3A2B3-AA1B-422A-A652-019F6CE1C349}.Release|Any CPU.Build.0 = Release|Any CPU
	EndGlobalSection
	GlobalSection(SolutionProperties) = preSolution
		HideSolutionNode = FALSE
	EndGlobalSection
	GlobalSection(ExtensibilityGlobals) = postSolution
		SolutionGuid = {C91BCA95-63D3-4789-B232-5B3C3E1D52F0}
	EndGlobalSection
EndGlobal
